<?xml version="1.0" encoding="utf-8"?>
<Project ToolsVersion="4.0" xmlns="http://schemas.microsoft.com/developer/msbuild/2003">
  <ItemGroup>
    <Filter Include="Scenes">
      <UniqueIdentifier>{28f99782-bedf-4689-abc0-d79babae7c9a}</UniqueIdentifier>
    </Filter>
    <Filter Include="Conetents">
      <UniqueIdentifier>{e0020264-d1ca-457b-a574-bc01cca0e83e}</UniqueIdentifier>
    </Filter>
    <Filter Include="Script">
      <UniqueIdentifier>{e27eafbf-75a3-4534-bf31-0163b4830ae6}</UniqueIdentifier>
    </Filter>
  </ItemGroup>
  <ItemGroup>
    <ClInclude Include="lkbLoadScenes.h">
      <Filter>Scenes</Filter>
    </ClInclude>
    <ClInclude Include="lkbPlayScene.h">
      <Filter>Scenes</Filter>
    </ClInclude>
    <ClInclude Include="lkbPlayer.h">
      <Filter>Conetents</Filter>
    </ClInclude>
    <ClInclude Include="lkbTitleScene.h">
      <Filter>Scenes</Filter>
    </ClInclude>
    <ClInclude Include="lkbLoadResources.h" />
    <ClInclude Include="lkbPlayerScript.h">
      <Filter>Script</Filter>
    </ClInclude>
    <ClInclude Include="lkbMonsters.h">
      <Filter>Conetents</Filter>
    </ClInclude>
    <ClInclude Include="lkbMonsterScript.h">
      <Filter>Script</Filter>
    </ClInclude>
  </ItemGroup>
  <ItemGroup>
    <ClCompile Include="lkbPlayScene.cpp">
      <Filter>Scenes</Filter>
    </ClCompile>
    <ClCompile Include="lkbPlayer.cpp">
      <Filter>Conetents</Filter>
    </ClCompile>
    <ClCompile Include="lkbTitleScene.cpp">
      <Filter>Scenes</Filter>
    </ClCompile>
    <ClCompile Include="lkbPlayerScript.cpp">
      <Filter>Script</Filter>
    </ClCompile>
    <ClCompile Include="lkbMonsters.cpp">
      <Filter>Conetents</Filter>
    </ClCompile>
    <ClCompile Include="lkbMonsterScript.cpp">
      <Filter>Script</Filter>
    </ClCompile>
  </ItemGroup>
</Project>