<?xml version="1.0" encoding="utf-8"?>
<Project ToolsVersion="4.0" xmlns="http://schemas.microsoft.com/developer/msbuild/2003">
  <ItemGroup>
    <Filter Include="Scenes">
      <UniqueIdentifier>{28f99782-bedf-4689-abc0-d79babae7c9a}</UniqueIdentifier>
    </Filter>
  </ItemGroup>
  <ItemGroup>
    <ClInclude Include="lkbLoadScenes.h">
      <Filter>Scenes</Filter>
    </ClInclude>
    <ClInclude Include="lkbPlayScene.h" />
  </ItemGroup>
  <ItemGroup>
    <ClCompile Include="lkbPlayScene.cpp" />
  </ItemGroup>
</Project>